
Microsoft Visual Studio Solution File, Format Version 12.00
# Visual Studio Version 16
VisualStudioVersion = 16.0.29020.237
MinimumVisualStudioVersion = 10.0.40219.1
Project("{9A19103F-16F7-4668-BE54-9A1E7A4F7556}") = "TrafficlightAPI", "TrafficlightAPI\TrafficlightAPI.csproj", "{00F142D0-D150-4F69-8896-6C4CDE166970}"
EndProject
Project("{9A19103F-16F7-4668-BE54-9A1E7A4F7556}") = "GrovePiDevice", "iot\src\devices\GrovePi\GrovePiDevice.csproj", "{AEF53FFB-4154-42A3-AB93-791E8C17B81B}"
EndProject
Global
	GlobalSection(SolutionConfigurationPlatforms) = preSolution
		Debug|Any CPU = Debug|Any CPU
		Release|Any CPU = Release|Any CPU
	EndGlobalSection
	GlobalSection(ProjectConfigurationPlatforms) = postSolution
		{00F142D0-D150-4F69-8896-6C4CDE166970}.Debug|Any CPU.ActiveCfg = Debug|Any CPU
		{00F142D0-D150-4F69-8896-6C4CDE166970}.Debug|Any CPU.Build.0 = Debug|Any CPU
		{00F142D0-D150-4F69-8896-6C4CDE166970}.Release|Any CPU.ActiveCfg = Release|Any CPU
		{00F142D0-D150-4F69-8896-6C4CDE166970}.Release|Any CPU.Build.0 = Release|Any CPU
		{AEF53FFB-4154-42A3-AB93-791E8C17B81B}.Debug|Any CPU.ActiveCfg = Debug|Any CPU
		{AEF53FFB-4154-42A3-AB93-791E8C17B81B}.Debug|Any CPU.Build.0 = Debug|Any CPU
		{AEF53FFB-4154-42A3-AB93-791E8C17B81B}.Release|Any CPU.ActiveCfg = Release|Any CPU
		{AEF53FFB-4154-42A3-AB93-791E8C17B81B}.Release|Any CPU.Build.0 = Release|Any CPU
	EndGlobalSection
	GlobalSection(SolutionProperties) = preSolution
		HideSolutionNode = FALSE
	EndGlobalSection
	GlobalSection(ExtensibilityGlobals) = postSolution
		SolutionGuid = {13C48F45-6C24-49E2-BCB8-E30BE65846C0}
	EndGlobalSection
EndGlobal
